{
  "version": 4,
  "terraform_version": "1.1.7",
  "serial": 238,
  "lineage": "d866e95e-c1f8-3790-81a1-c37425025ea6",
  "outputs": {},
  "resources": [
    {
      "mode": "managed",
      "type": "azurerm_linux_virtual_machine",
      "name": "VMMaster",
      "provider": "provider[\"registry.terraform.io/hashicorp/azurerm\"]",
      "instances": [
        {
          "schema_version": 0,
          "attributes": {
            "additional_capabilities": [],
            "admin_password": null,
            "admin_ssh_key": [
              {
                "public_key": "ssh-rsa AAAAB3NzaC1yc2EAAAADAQABAAACAQDY5f8W/P7Ck87yql5COD6yZS258urTE0B+/xJknons+oSrZpFAsCfkLieEi7dsBhhYlfngBmrU4K9avg1ffe7Sy47evFfngn6W5v8+nVL9kf75p43Qu6t8/XnxvDfV24SRnTNY5Q1+ReevCjTesoXvFzeMyA+/msiZQQOUdM4MpXflfmXjFF9UUsAnIL3fT3vupdGUBV6m+i/kTlrbIqxl2+bkpr+BK5GGBk4VjQ71/UARolC412h9EQ4qYffAUks4xh2HMpUUQFqREoXYs7dSv+cd0xOgBSmMtYYdqxzso5FjP9UFxuaAvup8FpAczxQEATTNb9W+XA75ze8VbFarUtZvZpld5rlvELK2HMxCIfo3O7VeAfA1SghdPPmt7sZex9QTs+mw9ekIpxT2z/DGJuFmJfxBZqpIfcJty+eCL1nTg1hTDw9c4DmnV5UnT8s38pSVlrpY7d08H0wq9gfXNxyaS68QJgrHmvqZlPStksk2pYV9NJLKEQL8uM3WUISPhbtdDbiIgQxJTPrFxY64k9qtcpiWgTxL2zf8c1O5U6ujj9Q6K43ApYf4usUlpmxK9qGpyRX/dKCyDMnYrVsocsfyJ9u1ocx1O/RKQmpJPsfClXJKzXdTlxI/mxLiSdNCjx4Zlp1Ps0J5BJSqrfn8Xv6yLOLBarXpvk9vGiSZnQ== fjarrin@fjarrin-Inspiron-7773\n",
                "username": "adminUsername"
              }
            ],
            "admin_username": "adminUsername",
            "allow_extension_operations": true,
            "availability_set_id": "",
            "boot_diagnostics": [
              {
                "storage_account_uri": "https://staccountfjarrin.blob.core.windows.net/"
              }
            ],
            "computer_name": "fjarrin-vm-master",
            "custom_data": null,
            "dedicated_host_id": "",
            "disable_password_authentication": true,
            "encryption_at_host_enabled": false,
            "eviction_policy": "",
            "extensions_time_budget": "PT1H30M",
            "id": "/subscriptions/308afee2-dc4c-41c1-b330-818c7897ea65/resourceGroups/kubernetes_rg/providers/Microsoft.Compute/virtualMachines/fjarrin-vm-master",
            "identity": [],
            "location": "eastus",
            "max_bid_price": -1,
            "name": "fjarrin-vm-master",
            "network_interface_ids": [
              "/subscriptions/308afee2-dc4c-41c1-b330-818c7897ea65/resourceGroups/kubernetes_rg/providers/Microsoft.Network/networkInterfaces/vmnicmaster"
            ],
            "os_disk": [
              {
                "caching": "ReadWrite",
                "diff_disk_settings": [],
                "disk_encryption_set_id": "",
                "disk_size_gb": 30,
                "name": "fjarrin-vm-master_OsDisk_1_045b8a86bdfd485bb0dcc39c75986a54",
                "storage_account_type": "Standard_LRS",
                "write_accelerator_enabled": false
              }
            ],
            "plan": [
              {
                "name": "centos-8-stream-free",
                "product": "centos-8-stream-free",
                "publisher": "cognosys"
              }
            ],
            "priority": "Regular",
            "private_ip_address": "10.0.1.10",
            "private_ip_addresses": [
              "10.0.1.10"
            ],
            "provision_vm_agent": true,
            "proximity_placement_group_id": "",
            "public_ip_address": "20.231.93.189",
            "public_ip_addresses": [
              "20.231.93.189"
            ],
            "resource_group_name": "kubernetes_rg",
            "secret": [],
            "size": "Standard_D2_v3",
            "source_image_id": "",
            "source_image_reference": [
              {
                "offer": "centos-8-stream-free",
                "publisher": "cognosys",
                "sku": "centos-8-stream-free",
                "version": "1.2019.0810"
              }
            ],
            "tags": {
              "environment": "CP2"
            },
            "timeouts": null,
            "virtual_machine_id": "60b69c29-fdf4-4c1c-a57d-de3fbb292648",
            "virtual_machine_scale_set_id": "",
            "zone": ""
          },
          "sensitive_attributes": [],
          "private": "eyJlMmJmYjczMC1lY2FhLTExZTYtOGY4OC0zNDM2M2JjN2M0YzAiOnsiY3JlYXRlIjoyNzAwMDAwMDAwMDAwLCJkZWxldGUiOjI3MDAwMDAwMDAwMDAsInJlYWQiOjMwMDAwMDAwMDAwMCwidXBkYXRlIjoyNzAwMDAwMDAwMDAwfX0=",
          "dependencies": [
            "azurerm_network_interface.nicMaster",
            "azurerm_public_ip.publicIpMaster",
            "azurerm_resource_group.rg",
            "azurerm_storage_account.stAccount",
            "azurerm_subnet.mySubnet",
            "azurerm_virtual_network.myNet"
          ]
        }
      ]
    },
    {
      "mode": "managed",
      "type": "azurerm_linux_virtual_machine",
      "name": "VMNfs",
      "provider": "provider[\"registry.terraform.io/hashicorp/azurerm\"]",
      "instances": [
        {
          "schema_version": 0,
          "attributes": {
            "additional_capabilities": [],
            "admin_password": null,
            "admin_ssh_key": [
              {
                "public_key": "ssh-rsa AAAAB3NzaC1yc2EAAAADAQABAAACAQDY5f8W/P7Ck87yql5COD6yZS258urTE0B+/xJknons+oSrZpFAsCfkLieEi7dsBhhYlfngBmrU4K9avg1ffe7Sy47evFfngn6W5v8+nVL9kf75p43Qu6t8/XnxvDfV24SRnTNY5Q1+ReevCjTesoXvFzeMyA+/msiZQQOUdM4MpXflfmXjFF9UUsAnIL3fT3vupdGUBV6m+i/kTlrbIqxl2+bkpr+BK5GGBk4VjQ71/UARolC412h9EQ4qYffAUks4xh2HMpUUQFqREoXYs7dSv+cd0xOgBSmMtYYdqxzso5FjP9UFxuaAvup8FpAczxQEATTNb9W+XA75ze8VbFarUtZvZpld5rlvELK2HMxCIfo3O7VeAfA1SghdPPmt7sZex9QTs+mw9ekIpxT2z/DGJuFmJfxBZqpIfcJty+eCL1nTg1hTDw9c4DmnV5UnT8s38pSVlrpY7d08H0wq9gfXNxyaS68QJgrHmvqZlPStksk2pYV9NJLKEQL8uM3WUISPhbtdDbiIgQxJTPrFxY64k9qtcpiWgTxL2zf8c1O5U6ujj9Q6K43ApYf4usUlpmxK9qGpyRX/dKCyDMnYrVsocsfyJ9u1ocx1O/RKQmpJPsfClXJKzXdTlxI/mxLiSdNCjx4Zlp1Ps0J5BJSqrfn8Xv6yLOLBarXpvk9vGiSZnQ== fjarrin@fjarrin-Inspiron-7773\n",
                "username": "adminUsername"
              }
            ],
            "admin_username": "adminUsername",
            "allow_extension_operations": true,
            "availability_set_id": "",
            "boot_diagnostics": [
              {
                "storage_account_uri": "https://staccountfjarrin.blob.core.windows.net/"
              }
            ],
            "computer_name": "fjarrin-vm-nfs",
            "custom_data": null,
            "dedicated_host_id": "",
            "disable_password_authentication": true,
            "encryption_at_host_enabled": false,
            "eviction_policy": "",
            "extensions_time_budget": "PT1H30M",
            "id": "/subscriptions/308afee2-dc4c-41c1-b330-818c7897ea65/resourceGroups/kubernetes_rg/providers/Microsoft.Compute/virtualMachines/fjarrin-vm-nfs",
            "identity": [],
            "location": "eastus",
            "max_bid_price": -1,
            "name": "fjarrin-vm-nfs",
            "network_interface_ids": [
              "/subscriptions/308afee2-dc4c-41c1-b330-818c7897ea65/resourceGroups/kubernetes_rg/providers/Microsoft.Network/networkInterfaces/vmnicnfs"
            ],
            "os_disk": [
              {
                "caching": "ReadWrite",
                "diff_disk_settings": [],
                "disk_encryption_set_id": "",
                "disk_size_gb": 30,
                "name": "fjarrin-vm-nfs_OsDisk_1_c6325d7c22a343fd9a20dda17ee7a27e",
                "storage_account_type": "Standard_LRS",
                "write_accelerator_enabled": false
              }
            ],
            "plan": [
              {
                "name": "centos-8-stream-free",
                "product": "centos-8-stream-free",
                "publisher": "cognosys"
              }
            ],
            "priority": "Regular",
            "private_ip_address": "10.0.1.13",
            "private_ip_addresses": [
              "10.0.1.13"
            ],
            "provision_vm_agent": true,
            "proximity_placement_group_id": "",
            "public_ip_address": "20.228.229.196",
            "public_ip_addresses": [
              "20.228.229.196"
            ],
            "resource_group_name": "kubernetes_rg",
            "secret": [],
            "size": "Standard_D2_v3",
            "source_image_id": "",
            "source_image_reference": [
              {
                "offer": "centos-8-stream-free",
                "publisher": "cognosys",
                "sku": "centos-8-stream-free",
                "version": "1.2019.0810"
              }
            ],
            "tags": {
              "environment": "CP2"
            },
            "timeouts": null,
            "virtual_machine_id": "2f7115ec-a3f5-4629-a767-8cbcb692c005",
            "virtual_machine_scale_set_id": "",
            "zone": ""
          },
          "sensitive_attributes": [],
          "private": "eyJlMmJmYjczMC1lY2FhLTExZTYtOGY4OC0zNDM2M2JjN2M0YzAiOnsiY3JlYXRlIjoyNzAwMDAwMDAwMDAwLCJkZWxldGUiOjI3MDAwMDAwMDAwMDAsInJlYWQiOjMwMDAwMDAwMDAwMCwidXBkYXRlIjoyNzAwMDAwMDAwMDAwfX0=",
          "dependencies": [
            "azurerm_network_interface.nicNfs",
            "azurerm_public_ip.publicIpNfs",
            "azurerm_resource_group.rg",
            "azurerm_storage_account.stAccount",
            "azurerm_subnet.mySubnet",
            "azurerm_virtual_network.myNet"
          ]
        }
      ]
    },
    {
      "mode": "managed",
      "type": "azurerm_linux_virtual_machine",
      "name": "VMWorker1",
      "provider": "provider[\"registry.terraform.io/hashicorp/azurerm\"]",
      "instances": [
        {
          "schema_version": 0,
          "attributes": {
            "additional_capabilities": [],
            "admin_password": null,
            "admin_ssh_key": [
              {
                "public_key": "ssh-rsa AAAAB3NzaC1yc2EAAAADAQABAAACAQDY5f8W/P7Ck87yql5COD6yZS258urTE0B+/xJknons+oSrZpFAsCfkLieEi7dsBhhYlfngBmrU4K9avg1ffe7Sy47evFfngn6W5v8+nVL9kf75p43Qu6t8/XnxvDfV24SRnTNY5Q1+ReevCjTesoXvFzeMyA+/msiZQQOUdM4MpXflfmXjFF9UUsAnIL3fT3vupdGUBV6m+i/kTlrbIqxl2+bkpr+BK5GGBk4VjQ71/UARolC412h9EQ4qYffAUks4xh2HMpUUQFqREoXYs7dSv+cd0xOgBSmMtYYdqxzso5FjP9UFxuaAvup8FpAczxQEATTNb9W+XA75ze8VbFarUtZvZpld5rlvELK2HMxCIfo3O7VeAfA1SghdPPmt7sZex9QTs+mw9ekIpxT2z/DGJuFmJfxBZqpIfcJty+eCL1nTg1hTDw9c4DmnV5UnT8s38pSVlrpY7d08H0wq9gfXNxyaS68QJgrHmvqZlPStksk2pYV9NJLKEQL8uM3WUISPhbtdDbiIgQxJTPrFxY64k9qtcpiWgTxL2zf8c1O5U6ujj9Q6K43ApYf4usUlpmxK9qGpyRX/dKCyDMnYrVsocsfyJ9u1ocx1O/RKQmpJPsfClXJKzXdTlxI/mxLiSdNCjx4Zlp1Ps0J5BJSqrfn8Xv6yLOLBarXpvk9vGiSZnQ== fjarrin@fjarrin-Inspiron-7773\n",
                "username": "adminUsername"
              }
            ],
            "admin_username": "adminUsername",
            "allow_extension_operations": true,
            "availability_set_id": "",
            "boot_diagnostics": [
              {
                "storage_account_uri": "https://staccountfjarrin.blob.core.windows.net/"
              }
            ],
            "computer_name": "fjarrin-vm-worker1",
            "custom_data": null,
            "dedicated_host_id": "",
            "disable_password_authentication": true,
            "encryption_at_host_enabled": false,
            "eviction_policy": "",
            "extensions_time_budget": "PT1H30M",
            "id": "/subscriptions/308afee2-dc4c-41c1-b330-818c7897ea65/resourceGroups/kubernetes_rg/providers/Microsoft.Compute/virtualMachines/fjarrin-vm-worker1",
            "identity": [],
            "location": "eastus",
            "max_bid_price": -1,
            "name": "fjarrin-vm-worker1",
            "network_interface_ids": [
              "/subscriptions/308afee2-dc4c-41c1-b330-818c7897ea65/resourceGroups/kubernetes_rg/providers/Microsoft.Network/networkInterfaces/vmnicworker1"
            ],
            "os_disk": [
              {
                "caching": "ReadWrite",
                "diff_disk_settings": [],
                "disk_encryption_set_id": "",
                "disk_size_gb": 30,
                "name": "fjarrin-vm-worker1_OsDisk_1_151288ffc79a4757b296b32a8a9907c6",
                "storage_account_type": "Standard_LRS",
                "write_accelerator_enabled": false
              }
            ],
            "plan": [
              {
                "name": "centos-8-stream-free",
                "product": "centos-8-stream-free",
                "publisher": "cognosys"
              }
            ],
            "priority": "Regular",
            "private_ip_address": "10.0.1.11",
            "private_ip_addresses": [
              "10.0.1.11"
            ],
            "provision_vm_agent": true,
            "proximity_placement_group_id": "",
            "public_ip_address": "20.231.95.99",
            "public_ip_addresses": [
              "20.231.95.99"
            ],
            "resource_group_name": "kubernetes_rg",
            "secret": [],
            "size": "Standard_D1_v2",
            "source_image_id": "",
            "source_image_reference": [
              {
                "offer": "centos-8-stream-free",
                "publisher": "cognosys",
                "sku": "centos-8-stream-free",
                "version": "1.2019.0810"
              }
            ],
            "tags": {
              "environment": "CP2"
            },
            "timeouts": null,
            "virtual_machine_id": "805c6c33-5117-4b1e-aef1-7903712e418b",
            "virtual_machine_scale_set_id": "",
            "zone": ""
          },
          "sensitive_attributes": [],
          "private": "eyJlMmJmYjczMC1lY2FhLTExZTYtOGY4OC0zNDM2M2JjN2M0YzAiOnsiY3JlYXRlIjoyNzAwMDAwMDAwMDAwLCJkZWxldGUiOjI3MDAwMDAwMDAwMDAsInJlYWQiOjMwMDAwMDAwMDAwMCwidXBkYXRlIjoyNzAwMDAwMDAwMDAwfX0=",
          "dependencies": [
            "azurerm_network_interface.nicWorker1",
            "azurerm_public_ip.publicIpWorker1",
            "azurerm_resource_group.rg",
            "azurerm_storage_account.stAccount",
            "azurerm_subnet.mySubnet",
            "azurerm_virtual_network.myNet"
          ]
        }
      ]
    },
    {
      "mode": "managed",
      "type": "azurerm_linux_virtual_machine",
      "name": "VMWorker2",
      "provider": "provider[\"registry.terraform.io/hashicorp/azurerm\"]",
      "instances": [
        {
          "schema_version": 0,
          "attributes": {
            "additional_capabilities": [],
            "admin_password": null,
            "admin_ssh_key": [
              {
                "public_key": "ssh-rsa AAAAB3NzaC1yc2EAAAADAQABAAACAQDY5f8W/P7Ck87yql5COD6yZS258urTE0B+/xJknons+oSrZpFAsCfkLieEi7dsBhhYlfngBmrU4K9avg1ffe7Sy47evFfngn6W5v8+nVL9kf75p43Qu6t8/XnxvDfV24SRnTNY5Q1+ReevCjTesoXvFzeMyA+/msiZQQOUdM4MpXflfmXjFF9UUsAnIL3fT3vupdGUBV6m+i/kTlrbIqxl2+bkpr+BK5GGBk4VjQ71/UARolC412h9EQ4qYffAUks4xh2HMpUUQFqREoXYs7dSv+cd0xOgBSmMtYYdqxzso5FjP9UFxuaAvup8FpAczxQEATTNb9W+XA75ze8VbFarUtZvZpld5rlvELK2HMxCIfo3O7VeAfA1SghdPPmt7sZex9QTs+mw9ekIpxT2z/DGJuFmJfxBZqpIfcJty+eCL1nTg1hTDw9c4DmnV5UnT8s38pSVlrpY7d08H0wq9gfXNxyaS68QJgrHmvqZlPStksk2pYV9NJLKEQL8uM3WUISPhbtdDbiIgQxJTPrFxY64k9qtcpiWgTxL2zf8c1O5U6ujj9Q6K43ApYf4usUlpmxK9qGpyRX/dKCyDMnYrVsocsfyJ9u1ocx1O/RKQmpJPsfClXJKzXdTlxI/mxLiSdNCjx4Zlp1Ps0J5BJSqrfn8Xv6yLOLBarXpvk9vGiSZnQ== fjarrin@fjarrin-Inspiron-7773\n",
                "username": "adminUsername"
              }
            ],
            "admin_username": "adminUsername",
            "allow_extension_operations": true,
            "availability_set_id": "",
            "boot_diagnostics": [
              {
                "storage_account_uri": "https://staccountfjarrin.blob.core.windows.net/"
              }
            ],
            "computer_name": "fjarrin-vm-worker2",
            "custom_data": null,
            "dedicated_host_id": "",
            "disable_password_authentication": true,
            "encryption_at_host_enabled": false,
            "eviction_policy": "",
            "extensions_time_budget": "PT1H30M",
            "id": "/subscriptions/308afee2-dc4c-41c1-b330-818c7897ea65/resourceGroups/kubernetes_rg/providers/Microsoft.Compute/virtualMachines/fjarrin-vm-worker2",
            "identity": [],
            "location": "eastus",
            "max_bid_price": -1,
            "name": "fjarrin-vm-worker2",
            "network_interface_ids": [
              "/subscriptions/308afee2-dc4c-41c1-b330-818c7897ea65/resourceGroups/kubernetes_rg/providers/Microsoft.Network/networkInterfaces/vmnicworker2"
            ],
            "os_disk": [
              {
                "caching": "ReadWrite",
                "diff_disk_settings": [],
                "disk_encryption_set_id": "",
                "disk_size_gb": 30,
                "name": "fjarrin-vm-worker2_OsDisk_1_2ef232e5b6764ddeb88dadd02737d60d",
                "storage_account_type": "Standard_LRS",
                "write_accelerator_enabled": false
              }
            ],
            "plan": [
              {
                "name": "centos-8-stream-free",
                "product": "centos-8-stream-free",
                "publisher": "cognosys"
              }
            ],
            "priority": "Regular",
            "private_ip_address": "10.0.1.12",
            "private_ip_addresses": [
              "10.0.1.12"
            ],
            "provision_vm_agent": true,
            "proximity_placement_group_id": "",
            "public_ip_address": "20.228.229.110",
            "public_ip_addresses": [
              "20.228.229.110"
            ],
            "resource_group_name": "kubernetes_rg",
            "secret": [],
            "size": "Standard_D1_v2",
            "source_image_id": "",
            "source_image_reference": [
              {
                "offer": "centos-8-stream-free",
                "publisher": "cognosys",
                "sku": "centos-8-stream-free",
                "version": "1.2019.0810"
              }
            ],
            "tags": {
              "environment": "CP2"
            },
            "timeouts": null,
            "virtual_machine_id": "3f6e9a15-811a-43e5-bec1-c489f1085239",
            "virtual_machine_scale_set_id": "",
            "zone": ""
          },
          "sensitive_attributes": [],
          "private": "eyJlMmJmYjczMC1lY2FhLTExZTYtOGY4OC0zNDM2M2JjN2M0YzAiOnsiY3JlYXRlIjoyNzAwMDAwMDAwMDAwLCJkZWxldGUiOjI3MDAwMDAwMDAwMDAsInJlYWQiOjMwMDAwMDAwMDAwMCwidXBkYXRlIjoyNzAwMDAwMDAwMDAwfX0=",
          "dependencies": [
            "azurerm_network_interface.nicWorker2",
            "azurerm_public_ip.publicIpWorker2",
            "azurerm_resource_group.rg",
            "azurerm_storage_account.stAccount",
            "azurerm_subnet.mySubnet",
            "azurerm_virtual_network.myNet"
          ]
        }
      ]
    },
    {
      "mode": "managed",
      "type": "azurerm_managed_disk",
      "name": "DiskNfs",
      "provider": "provider[\"registry.terraform.io/hashicorp/azurerm\"]",
      "instances": [
        {
          "schema_version": 0,
          "attributes": {
            "create_option": "Empty",
            "disk_encryption_set_id": "",
            "disk_iops_read_write": 500,
            "disk_mbps_read_write": 60,
            "disk_size_gb": 10,
            "encryption_settings": [],
            "id": "/subscriptions/308afee2-dc4c-41c1-b330-818c7897ea65/resourceGroups/kubernetes_rg/providers/Microsoft.Compute/disks/nfs-disk1",
            "image_reference_id": "",
            "location": "eastus",
            "name": "nfs-disk1",
            "os_type": "",
            "resource_group_name": "kubernetes_rg",
            "source_resource_id": "",
            "source_uri": "",
            "storage_account_id": "",
            "storage_account_type": "Standard_LRS",
            "tags": null,
            "timeouts": null,
            "zones": null
          },
          "sensitive_attributes": [],
          "private": "eyJlMmJmYjczMC1lY2FhLTExZTYtOGY4OC0zNDM2M2JjN2M0YzAiOnsiY3JlYXRlIjoxODAwMDAwMDAwMDAwLCJkZWxldGUiOjE4MDAwMDAwMDAwMDAsInJlYWQiOjMwMDAwMDAwMDAwMCwidXBkYXRlIjoxODAwMDAwMDAwMDAwfX0=",
          "dependencies": [
            "azurerm_resource_group.rg"
          ]
        }
      ]
    },
    {
      "mode": "managed",
      "type": "azurerm_network_interface",
      "name": "nicMaster",
      "provider": "provider[\"registry.terraform.io/hashicorp/azurerm\"]",
      "instances": [
        {
          "schema_version": 0,
          "attributes": {
            "applied_dns_servers": [],
            "dns_servers": [],
            "enable_accelerated_networking": false,
            "enable_ip_forwarding": false,
            "id": "/subscriptions/308afee2-dc4c-41c1-b330-818c7897ea65/resourceGroups/kubernetes_rg/providers/Microsoft.Network/networkInterfaces/vmnicmaster",
            "internal_dns_name_label": "",
            "internal_domain_name_suffix": "gzwdohhslfae3cv3liwlcbpnzg.bx.internal.cloudapp.net",
            "ip_configuration": [
              {
                "name": "ipconfigurationMaster",
                "primary": true,
                "private_ip_address": "10.0.1.10",
                "private_ip_address_allocation": "Static",
                "private_ip_address_version": "IPv4",
                "public_ip_address_id": "/subscriptions/308afee2-dc4c-41c1-b330-818c7897ea65/resourceGroups/kubernetes_rg/providers/Microsoft.Network/publicIPAddresses/vmipmaster",
                "subnet_id": "/subscriptions/308afee2-dc4c-41c1-b330-818c7897ea65/resourceGroups/kubernetes_rg/providers/Microsoft.Network/virtualNetworks/kubernetesnet/subnets/terraformsubnet"
              }
            ],
            "location": "eastus",
            "mac_address": "",
            "name": "vmnicmaster",
            "private_ip_address": "10.0.1.10",
            "private_ip_addresses": [
              "10.0.1.10"
            ],
            "resource_group_name": "kubernetes_rg",
            "tags": {
              "environment": "CP2"
            },
            "timeouts": null,
            "virtual_machine_id": ""
          },
          "sensitive_attributes": [],
          "private": "eyJlMmJmYjczMC1lY2FhLTExZTYtOGY4OC0zNDM2M2JjN2M0YzAiOnsiY3JlYXRlIjoxODAwMDAwMDAwMDAwLCJkZWxldGUiOjE4MDAwMDAwMDAwMDAsInJlYWQiOjMwMDAwMDAwMDAwMCwidXBkYXRlIjoxODAwMDAwMDAwMDAwfX0=",
          "dependencies": [
            "azurerm_public_ip.publicIpMaster",
            "azurerm_resource_group.rg",
            "azurerm_subnet.mySubnet",
            "azurerm_virtual_network.myNet"
          ]
        }
      ]
    },
    {
      "mode": "managed",
      "type": "azurerm_network_interface",
      "name": "nicNfs",
      "provider": "provider[\"registry.terraform.io/hashicorp/azurerm\"]",
      "instances": [
        {
          "schema_version": 0,
          "attributes": {
            "applied_dns_servers": [],
            "dns_servers": [],
            "enable_accelerated_networking": false,
            "enable_ip_forwarding": false,
            "id": "/subscriptions/308afee2-dc4c-41c1-b330-818c7897ea65/resourceGroups/kubernetes_rg/providers/Microsoft.Network/networkInterfaces/vmnicnfs",
            "internal_dns_name_label": "",
            "internal_domain_name_suffix": "gzwdohhslfae3cv3liwlcbpnzg.bx.internal.cloudapp.net",
            "ip_configuration": [
              {
                "name": "ipconfigurationNfs",
                "primary": true,
                "private_ip_address": "10.0.1.13",
                "private_ip_address_allocation": "Static",
                "private_ip_address_version": "IPv4",
                "public_ip_address_id": "/subscriptions/308afee2-dc4c-41c1-b330-818c7897ea65/resourceGroups/kubernetes_rg/providers/Microsoft.Network/publicIPAddresses/vmipnfs",
                "subnet_id": "/subscriptions/308afee2-dc4c-41c1-b330-818c7897ea65/resourceGroups/kubernetes_rg/providers/Microsoft.Network/virtualNetworks/kubernetesnet/subnets/terraformsubnet"
              }
            ],
            "location": "eastus",
            "mac_address": "",
            "name": "vmnicnfs",
            "private_ip_address": "10.0.1.13",
            "private_ip_addresses": [
              "10.0.1.13"
            ],
            "resource_group_name": "kubernetes_rg",
            "tags": {
              "environment": "CP2"
            },
            "timeouts": null,
            "virtual_machine_id": ""
          },
          "sensitive_attributes": [],
          "private": "eyJlMmJmYjczMC1lY2FhLTExZTYtOGY4OC0zNDM2M2JjN2M0YzAiOnsiY3JlYXRlIjoxODAwMDAwMDAwMDAwLCJkZWxldGUiOjE4MDAwMDAwMDAwMDAsInJlYWQiOjMwMDAwMDAwMDAwMCwidXBkYXRlIjoxODAwMDAwMDAwMDAwfX0=",
          "dependencies": [
            "azurerm_public_ip.publicIpNfs",
            "azurerm_resource_group.rg",
            "azurerm_subnet.mySubnet",
            "azurerm_virtual_network.myNet"
          ]
        }
      ]
    },
    {
      "mode": "managed",
      "type": "azurerm_network_interface",
      "name": "nicWorker1",
      "provider": "provider[\"registry.terraform.io/hashicorp/azurerm\"]",
      "instances": [
        {
          "schema_version": 0,
          "attributes": {
            "applied_dns_servers": [],
            "dns_servers": [],
            "enable_accelerated_networking": false,
            "enable_ip_forwarding": false,
            "id": "/subscriptions/308afee2-dc4c-41c1-b330-818c7897ea65/resourceGroups/kubernetes_rg/providers/Microsoft.Network/networkInterfaces/vmnicworker1",
            "internal_dns_name_label": "",
            "internal_domain_name_suffix": "gzwdohhslfae3cv3liwlcbpnzg.bx.internal.cloudapp.net",
            "ip_configuration": [
              {
                "name": "ipconfigurationWorker1",
                "primary": true,
                "private_ip_address": "10.0.1.11",
                "private_ip_address_allocation": "Static",
                "private_ip_address_version": "IPv4",
                "public_ip_address_id": "/subscriptions/308afee2-dc4c-41c1-b330-818c7897ea65/resourceGroups/kubernetes_rg/providers/Microsoft.Network/publicIPAddresses/vmipworker1",
                "subnet_id": "/subscriptions/308afee2-dc4c-41c1-b330-818c7897ea65/resourceGroups/kubernetes_rg/providers/Microsoft.Network/virtualNetworks/kubernetesnet/subnets/terraformsubnet"
              }
            ],
            "location": "eastus",
            "mac_address": "",
            "name": "vmnicworker1",
            "private_ip_address": "10.0.1.11",
            "private_ip_addresses": [
              "10.0.1.11"
            ],
            "resource_group_name": "kubernetes_rg",
            "tags": {
              "environment": "CP2"
            },
            "timeouts": null,
            "virtual_machine_id": ""
          },
          "sensitive_attributes": [],
          "private": "eyJlMmJmYjczMC1lY2FhLTExZTYtOGY4OC0zNDM2M2JjN2M0YzAiOnsiY3JlYXRlIjoxODAwMDAwMDAwMDAwLCJkZWxldGUiOjE4MDAwMDAwMDAwMDAsInJlYWQiOjMwMDAwMDAwMDAwMCwidXBkYXRlIjoxODAwMDAwMDAwMDAwfX0=",
          "dependencies": [
            "azurerm_public_ip.publicIpWorker1",
            "azurerm_resource_group.rg",
            "azurerm_subnet.mySubnet",
            "azurerm_virtual_network.myNet"
          ]
        }
      ]
    },
    {
      "mode": "managed",
      "type": "azurerm_network_interface",
      "name": "nicWorker2",
      "provider": "provider[\"registry.terraform.io/hashicorp/azurerm\"]",
      "instances": [
        {
          "schema_version": 0,
          "attributes": {
            "applied_dns_servers": [],
            "dns_servers": [],
            "enable_accelerated_networking": false,
            "enable_ip_forwarding": false,
            "id": "/subscriptions/308afee2-dc4c-41c1-b330-818c7897ea65/resourceGroups/kubernetes_rg/providers/Microsoft.Network/networkInterfaces/vmnicworker2",
            "internal_dns_name_label": "",
            "internal_domain_name_suffix": "gzwdohhslfae3cv3liwlcbpnzg.bx.internal.cloudapp.net",
            "ip_configuration": [
              {
                "name": "ipconfigurationWorker2",
                "primary": true,
                "private_ip_address": "10.0.1.12",
                "private_ip_address_allocation": "Static",
                "private_ip_address_version": "IPv4",
                "public_ip_address_id": "/subscriptions/308afee2-dc4c-41c1-b330-818c7897ea65/resourceGroups/kubernetes_rg/providers/Microsoft.Network/publicIPAddresses/vmipworker2",
                "subnet_id": "/subscriptions/308afee2-dc4c-41c1-b330-818c7897ea65/resourceGroups/kubernetes_rg/providers/Microsoft.Network/virtualNetworks/kubernetesnet/subnets/terraformsubnet"
              }
            ],
            "location": "eastus",
            "mac_address": "",
            "name": "vmnicworker2",
            "private_ip_address": "10.0.1.12",
            "private_ip_addresses": [
              "10.0.1.12"
            ],
            "resource_group_name": "kubernetes_rg",
            "tags": {
              "environment": "CP2"
            },
            "timeouts": null,
            "virtual_machine_id": ""
          },
          "sensitive_attributes": [],
          "private": "eyJlMmJmYjczMC1lY2FhLTExZTYtOGY4OC0zNDM2M2JjN2M0YzAiOnsiY3JlYXRlIjoxODAwMDAwMDAwMDAwLCJkZWxldGUiOjE4MDAwMDAwMDAwMDAsInJlYWQiOjMwMDAwMDAwMDAwMCwidXBkYXRlIjoxODAwMDAwMDAwMDAwfX0=",
          "dependencies": [
            "azurerm_public_ip.publicIpWorker2",
            "azurerm_resource_group.rg",
            "azurerm_subnet.mySubnet",
            "azurerm_virtual_network.myNet"
          ]
        }
      ]
    },
    {
      "mode": "managed",
      "type": "azurerm_network_interface_security_group_association",
      "name": "secGroupAssociation1",
      "provider": "provider[\"registry.terraform.io/hashicorp/azurerm\"]",
      "instances": [
        {
          "schema_version": 0,
          "attributes": {
            "id": "/subscriptions/308afee2-dc4c-41c1-b330-818c7897ea65/resourceGroups/kubernetes_rg/providers/Microsoft.Network/networkInterfaces/vmnicmaster|/subscriptions/308afee2-dc4c-41c1-b330-818c7897ea65/resourceGroups/kubernetes_rg/providers/Microsoft.Network/networkSecurityGroups/sshtrafficmaster",
            "network_interface_id": "/subscriptions/308afee2-dc4c-41c1-b330-818c7897ea65/resourceGroups/kubernetes_rg/providers/Microsoft.Network/networkInterfaces/vmnicmaster",
            "network_security_group_id": "/subscriptions/308afee2-dc4c-41c1-b330-818c7897ea65/resourceGroups/kubernetes_rg/providers/Microsoft.Network/networkSecurityGroups/sshtrafficmaster",
            "timeouts": null
          },
          "sensitive_attributes": [],
          "private": "eyJlMmJmYjczMC1lY2FhLTExZTYtOGY4OC0zNDM2M2JjN2M0YzAiOnsiY3JlYXRlIjoxODAwMDAwMDAwMDAwLCJkZWxldGUiOjE4MDAwMDAwMDAwMDAsInJlYWQiOjMwMDAwMDAwMDAwMCwidXBkYXRlIjoxODAwMDAwMDAwMDAwfX0=",
          "dependencies": [
            "azurerm_network_interface.nicMaster",
            "azurerm_network_security_group.secGroupMaster",
            "azurerm_public_ip.publicIpMaster",
            "azurerm_resource_group.rg",
            "azurerm_subnet.mySubnet",
            "azurerm_virtual_network.myNet"
          ]
        }
      ]
    },
    {
      "mode": "managed",
      "type": "azurerm_network_interface_security_group_association",
      "name": "secGroupAssociation2",
      "provider": "provider[\"registry.terraform.io/hashicorp/azurerm\"]",
      "instances": [
        {
          "schema_version": 0,
          "attributes": {
            "id": "/subscriptions/308afee2-dc4c-41c1-b330-818c7897ea65/resourceGroups/kubernetes_rg/providers/Microsoft.Network/networkInterfaces/vmnicworker1|/subscriptions/308afee2-dc4c-41c1-b330-818c7897ea65/resourceGroups/kubernetes_rg/providers/Microsoft.Network/networkSecurityGroups/sshtrafficworker",
            "network_interface_id": "/subscriptions/308afee2-dc4c-41c1-b330-818c7897ea65/resourceGroups/kubernetes_rg/providers/Microsoft.Network/networkInterfaces/vmnicworker1",
            "network_security_group_id": "/subscriptions/308afee2-dc4c-41c1-b330-818c7897ea65/resourceGroups/kubernetes_rg/providers/Microsoft.Network/networkSecurityGroups/sshtrafficworker",
            "timeouts": null
          },
          "sensitive_attributes": [],
          "private": "eyJlMmJmYjczMC1lY2FhLTExZTYtOGY4OC0zNDM2M2JjN2M0YzAiOnsiY3JlYXRlIjoxODAwMDAwMDAwMDAwLCJkZWxldGUiOjE4MDAwMDAwMDAwMDAsInJlYWQiOjMwMDAwMDAwMDAwMCwidXBkYXRlIjoxODAwMDAwMDAwMDAwfX0=",
          "dependencies": [
            "azurerm_network_interface.nicWorker1",
            "azurerm_network_security_group.secGroupWorker",
            "azurerm_public_ip.publicIpWorker1",
            "azurerm_resource_group.rg",
            "azurerm_subnet.mySubnet",
            "azurerm_virtual_network.myNet"
          ]
        }
      ]
    },
    {
      "mode": "managed",
      "type": "azurerm_network_interface_security_group_association",
      "name": "secGroupAssociation3",
      "provider": "provider[\"registry.terraform.io/hashicorp/azurerm\"]",
      "instances": [
        {
          "schema_version": 0,
          "attributes": {
            "id": "/subscriptions/308afee2-dc4c-41c1-b330-818c7897ea65/resourceGroups/kubernetes_rg/providers/Microsoft.Network/networkInterfaces/vmnicworker2|/subscriptions/308afee2-dc4c-41c1-b330-818c7897ea65/resourceGroups/kubernetes_rg/providers/Microsoft.Network/networkSecurityGroups/sshtrafficworker",
            "network_interface_id": "/subscriptions/308afee2-dc4c-41c1-b330-818c7897ea65/resourceGroups/kubernetes_rg/providers/Microsoft.Network/networkInterfaces/vmnicworker2",
            "network_security_group_id": "/subscriptions/308afee2-dc4c-41c1-b330-818c7897ea65/resourceGroups/kubernetes_rg/providers/Microsoft.Network/networkSecurityGroups/sshtrafficworker",
            "timeouts": null
          },
          "sensitive_attributes": [],
          "private": "eyJlMmJmYjczMC1lY2FhLTExZTYtOGY4OC0zNDM2M2JjN2M0YzAiOnsiY3JlYXRlIjoxODAwMDAwMDAwMDAwLCJkZWxldGUiOjE4MDAwMDAwMDAwMDAsInJlYWQiOjMwMDAwMDAwMDAwMCwidXBkYXRlIjoxODAwMDAwMDAwMDAwfX0=",
          "dependencies": [
            "azurerm_network_interface.nicWorker2",
            "azurerm_network_security_group.secGroupWorker",
            "azurerm_public_ip.publicIpWorker2",
            "azurerm_resource_group.rg",
            "azurerm_subnet.mySubnet",
            "azurerm_virtual_network.myNet"
          ]
        }
      ]
    },
    {
      "mode": "managed",
      "type": "azurerm_network_interface_security_group_association",
      "name": "secGroupAssociation4",
      "provider": "provider[\"registry.terraform.io/hashicorp/azurerm\"]",
      "instances": [
        {
          "schema_version": 0,
          "attributes": {
            "id": "/subscriptions/308afee2-dc4c-41c1-b330-818c7897ea65/resourceGroups/kubernetes_rg/providers/Microsoft.Network/networkInterfaces/vmnicnfs|/subscriptions/308afee2-dc4c-41c1-b330-818c7897ea65/resourceGroups/kubernetes_rg/providers/Microsoft.Network/networkSecurityGroups/sshtrafficnfs",
            "network_interface_id": "/subscriptions/308afee2-dc4c-41c1-b330-818c7897ea65/resourceGroups/kubernetes_rg/providers/Microsoft.Network/networkInterfaces/vmnicnfs",
            "network_security_group_id": "/subscriptions/308afee2-dc4c-41c1-b330-818c7897ea65/resourceGroups/kubernetes_rg/providers/Microsoft.Network/networkSecurityGroups/sshtrafficnfs",
            "timeouts": null
          },
          "sensitive_attributes": [],
          "private": "eyJlMmJmYjczMC1lY2FhLTExZTYtOGY4OC0zNDM2M2JjN2M0YzAiOnsiY3JlYXRlIjoxODAwMDAwMDAwMDAwLCJkZWxldGUiOjE4MDAwMDAwMDAwMDAsInJlYWQiOjMwMDAwMDAwMDAwMCwidXBkYXRlIjoxODAwMDAwMDAwMDAwfX0=",
          "dependencies": [
            "azurerm_network_interface.nicNfs",
            "azurerm_network_security_group.secGroupNfs",
            "azurerm_public_ip.publicIpNfs",
            "azurerm_resource_group.rg",
            "azurerm_subnet.mySubnet",
            "azurerm_virtual_network.myNet"
          ]
        }
      ]
    },
    {
      "mode": "managed",
      "type": "azurerm_network_security_group",
      "name": "secGroupMaster",
      "provider": "provider[\"registry.terraform.io/hashicorp/azurerm\"]",
      "instances": [
        {
          "schema_version": 0,
          "attributes": {
            "id": "/subscriptions/308afee2-dc4c-41c1-b330-818c7897ea65/resourceGroups/kubernetes_rg/providers/Microsoft.Network/networkSecurityGroups/sshtrafficmaster",
            "location": "eastus",
            "name": "sshtrafficmaster",
            "resource_group_name": "kubernetes_rg",
            "security_rule": [
              {
                "access": "Allow",
                "description": "",
                "destination_address_prefix": "*",
                "destination_address_prefixes": [],
                "destination_application_security_group_ids": [],
                "destination_port_range": "22",
                "destination_port_ranges": [],
                "direction": "Inbound",
                "name": "SSH",
                "priority": 1001,
                "protocol": "Tcp",
                "source_address_prefix": "*",
                "source_address_prefixes": [],
                "source_application_security_group_ids": [],
                "source_port_range": "*",
                "source_port_ranges": []
              }
            ],
            "tags": {
              "environment": "CP2"
            },
            "timeouts": null
          },
          "sensitive_attributes": [],
          "private": "eyJlMmJmYjczMC1lY2FhLTExZTYtOGY4OC0zNDM2M2JjN2M0YzAiOnsiY3JlYXRlIjoxODAwMDAwMDAwMDAwLCJkZWxldGUiOjE4MDAwMDAwMDAwMDAsInJlYWQiOjMwMDAwMDAwMDAwMCwidXBkYXRlIjoxODAwMDAwMDAwMDAwfX0=",
          "dependencies": [
            "azurerm_resource_group.rg"
          ]
        }
      ]
    },
    {
      "mode": "managed",
      "type": "azurerm_network_security_group",
      "name": "secGroupNfs",
      "provider": "provider[\"registry.terraform.io/hashicorp/azurerm\"]",
      "instances": [
        {
          "schema_version": 0,
          "attributes": {
            "id": "/subscriptions/308afee2-dc4c-41c1-b330-818c7897ea65/resourceGroups/kubernetes_rg/providers/Microsoft.Network/networkSecurityGroups/sshtrafficnfs",
            "location": "eastus",
            "name": "sshtrafficnfs",
            "resource_group_name": "kubernetes_rg",
            "security_rule": [
              {
                "access": "Allow",
                "description": "",
                "destination_address_prefix": "*",
                "destination_address_prefixes": [],
                "destination_application_security_group_ids": [],
                "destination_port_range": "22",
                "destination_port_ranges": [],
                "direction": "Inbound",
                "name": "SSH",
                "priority": 1001,
                "protocol": "Tcp",
                "source_address_prefix": "*",
                "source_address_prefixes": [],
                "source_application_security_group_ids": [],
                "source_port_range": "*",
                "source_port_ranges": []
              }
            ],
            "tags": {
              "environment": "CP2"
            },
            "timeouts": null
          },
          "sensitive_attributes": [],
          "private": "eyJlMmJmYjczMC1lY2FhLTExZTYtOGY4OC0zNDM2M2JjN2M0YzAiOnsiY3JlYXRlIjoxODAwMDAwMDAwMDAwLCJkZWxldGUiOjE4MDAwMDAwMDAwMDAsInJlYWQiOjMwMDAwMDAwMDAwMCwidXBkYXRlIjoxODAwMDAwMDAwMDAwfX0=",
          "dependencies": [
            "azurerm_resource_group.rg"
          ]
        }
      ]
    },
    {
      "mode": "managed",
      "type": "azurerm_network_security_group",
      "name": "secGroupWorker",
      "provider": "provider[\"registry.terraform.io/hashicorp/azurerm\"]",
      "instances": [
        {
          "schema_version": 0,
          "attributes": {
            "id": "/subscriptions/308afee2-dc4c-41c1-b330-818c7897ea65/resourceGroups/kubernetes_rg/providers/Microsoft.Network/networkSecurityGroups/sshtrafficworker",
            "location": "eastus",
            "name": "sshtrafficworker",
            "resource_group_name": "kubernetes_rg",
            "security_rule": [
              {
                "access": "Allow",
                "description": "",
                "destination_address_prefix": "*",
                "destination_address_prefixes": [],
                "destination_application_security_group_ids": [],
                "destination_port_range": "22",
                "destination_port_ranges": [],
                "direction": "Inbound",
                "name": "SSH",
                "priority": 1001,
                "protocol": "Tcp",
                "source_address_prefix": "*",
                "source_address_prefixes": [],
                "source_application_security_group_ids": [],
                "source_port_range": "*",
                "source_port_ranges": []
              }
            ],
            "tags": {
              "environment": "CP2"
            },
            "timeouts": null
          },
          "sensitive_attributes": [],
          "private": "eyJlMmJmYjczMC1lY2FhLTExZTYtOGY4OC0zNDM2M2JjN2M0YzAiOnsiY3JlYXRlIjoxODAwMDAwMDAwMDAwLCJkZWxldGUiOjE4MDAwMDAwMDAwMDAsInJlYWQiOjMwMDAwMDAwMDAwMCwidXBkYXRlIjoxODAwMDAwMDAwMDAwfX0=",
          "dependencies": [
            "azurerm_resource_group.rg"
          ]
        }
      ]
    },
    {
      "mode": "managed",
      "type": "azurerm_public_ip",
      "name": "publicIpMaster",
      "provider": "provider[\"registry.terraform.io/hashicorp/azurerm\"]",
      "instances": [
        {
          "schema_version": 0,
          "attributes": {
            "allocation_method": "Dynamic",
            "domain_name_label": "vmmasterunir180",
            "fqdn": "vmmasterunir180.eastus.cloudapp.azure.com",
            "id": "/subscriptions/308afee2-dc4c-41c1-b330-818c7897ea65/resourceGroups/kubernetes_rg/providers/Microsoft.Network/publicIPAddresses/vmipmaster",
            "idle_timeout_in_minutes": 4,
            "ip_address": "",
            "ip_version": "IPv4",
            "location": "eastus",
            "name": "vmipmaster",
            "public_ip_prefix_id": null,
            "resource_group_name": "kubernetes_rg",
            "reverse_fqdn": "",
            "sku": "Basic",
            "tags": {
              "environment": "CP2"
            },
            "timeouts": null,
            "zones": null
          },
          "sensitive_attributes": [],
          "private": "eyJlMmJmYjczMC1lY2FhLTExZTYtOGY4OC0zNDM2M2JjN2M0YzAiOnsiY3JlYXRlIjoxODAwMDAwMDAwMDAwLCJkZWxldGUiOjE4MDAwMDAwMDAwMDAsInJlYWQiOjMwMDAwMDAwMDAwMCwidXBkYXRlIjoxODAwMDAwMDAwMDAwfX0=",
          "dependencies": [
            "azurerm_resource_group.rg"
          ]
        }
      ]
    },
    {
      "mode": "managed",
      "type": "azurerm_public_ip",
      "name": "publicIpNfs",
      "provider": "provider[\"registry.terraform.io/hashicorp/azurerm\"]",
      "instances": [
        {
          "schema_version": 0,
          "attributes": {
            "allocation_method": "Dynamic",
            "domain_name_label": "vmnfsunir180",
            "fqdn": "vmnfsunir180.eastus.cloudapp.azure.com",
            "id": "/subscriptions/308afee2-dc4c-41c1-b330-818c7897ea65/resourceGroups/kubernetes_rg/providers/Microsoft.Network/publicIPAddresses/vmipnfs",
            "idle_timeout_in_minutes": 4,
            "ip_address": "",
            "ip_version": "IPv4",
            "location": "eastus",
            "name": "vmipnfs",
            "public_ip_prefix_id": null,
            "resource_group_name": "kubernetes_rg",
            "reverse_fqdn": "",
            "sku": "Basic",
            "tags": {
              "environment": "CP2"
            },
            "timeouts": null,
            "zones": null
          },
          "sensitive_attributes": [],
          "private": "eyJlMmJmYjczMC1lY2FhLTExZTYtOGY4OC0zNDM2M2JjN2M0YzAiOnsiY3JlYXRlIjoxODAwMDAwMDAwMDAwLCJkZWxldGUiOjE4MDAwMDAwMDAwMDAsInJlYWQiOjMwMDAwMDAwMDAwMCwidXBkYXRlIjoxODAwMDAwMDAwMDAwfX0=",
          "dependencies": [
            "azurerm_resource_group.rg"
          ]
        }
      ]
    },
    {
      "mode": "managed",
      "type": "azurerm_public_ip",
      "name": "publicIpWorker1",
      "provider": "provider[\"registry.terraform.io/hashicorp/azurerm\"]",
      "instances": [
        {
          "schema_version": 0,
          "attributes": {
            "allocation_method": "Dynamic",
            "domain_name_label": "vmworker1unir180",
            "fqdn": "vmworker1unir180.eastus.cloudapp.azure.com",
            "id": "/subscriptions/308afee2-dc4c-41c1-b330-818c7897ea65/resourceGroups/kubernetes_rg/providers/Microsoft.Network/publicIPAddresses/vmipworker1",
            "idle_timeout_in_minutes": 4,
            "ip_address": "",
            "ip_version": "IPv4",
            "location": "eastus",
            "name": "vmipworker1",
            "public_ip_prefix_id": null,
            "resource_group_name": "kubernetes_rg",
            "reverse_fqdn": "",
            "sku": "Basic",
            "tags": {
              "environment": "CP2"
            },
            "timeouts": null,
            "zones": null
          },
          "sensitive_attributes": [],
          "private": "eyJlMmJmYjczMC1lY2FhLTExZTYtOGY4OC0zNDM2M2JjN2M0YzAiOnsiY3JlYXRlIjoxODAwMDAwMDAwMDAwLCJkZWxldGUiOjE4MDAwMDAwMDAwMDAsInJlYWQiOjMwMDAwMDAwMDAwMCwidXBkYXRlIjoxODAwMDAwMDAwMDAwfX0=",
          "dependencies": [
            "azurerm_resource_group.rg"
          ]
        }
      ]
    },
    {
      "mode": "managed",
      "type": "azurerm_public_ip",
      "name": "publicIpWorker2",
      "provider": "provider[\"registry.terraform.io/hashicorp/azurerm\"]",
      "instances": [
        {
          "schema_version": 0,
          "attributes": {
            "allocation_method": "Dynamic",
            "domain_name_label": "vmworker2unir180",
            "fqdn": "vmworker2unir180.eastus.cloudapp.azure.com",
            "id": "/subscriptions/308afee2-dc4c-41c1-b330-818c7897ea65/resourceGroups/kubernetes_rg/providers/Microsoft.Network/publicIPAddresses/vmipworker2",
            "idle_timeout_in_minutes": 4,
            "ip_address": "",
            "ip_version": "IPv4",
            "location": "eastus",
            "name": "vmipworker2",
            "public_ip_prefix_id": null,
            "resource_group_name": "kubernetes_rg",
            "reverse_fqdn": "",
            "sku": "Basic",
            "tags": {
              "environment": "CP2"
            },
            "timeouts": null,
            "zones": null
          },
          "sensitive_attributes": [],
          "private": "eyJlMmJmYjczMC1lY2FhLTExZTYtOGY4OC0zNDM2M2JjN2M0YzAiOnsiY3JlYXRlIjoxODAwMDAwMDAwMDAwLCJkZWxldGUiOjE4MDAwMDAwMDAwMDAsInJlYWQiOjMwMDAwMDAwMDAwMCwidXBkYXRlIjoxODAwMDAwMDAwMDAwfX0=",
          "dependencies": [
            "azurerm_resource_group.rg"
          ]
        }
      ]
    },
    {
      "mode": "managed",
      "type": "azurerm_resource_group",
      "name": "rg",
      "provider": "provider[\"registry.terraform.io/hashicorp/azurerm\"]",
      "instances": [
        {
          "schema_version": 0,
          "attributes": {
            "id": "/subscriptions/308afee2-dc4c-41c1-b330-818c7897ea65/resourceGroups/kubernetes_rg",
            "location": "eastus",
            "name": "kubernetes_rg",
            "tags": {
              "environment": "CP2"
            },
            "timeouts": null
          },
          "sensitive_attributes": [],
          "private": "eyJlMmJmYjczMC1lY2FhLTExZTYtOGY4OC0zNDM2M2JjN2M0YzAiOnsiY3JlYXRlIjo1NDAwMDAwMDAwMDAwLCJkZWxldGUiOjU0MDAwMDAwMDAwMDAsInJlYWQiOjMwMDAwMDAwMDAwMCwidXBkYXRlIjo1NDAwMDAwMDAwMDAwfX0="
        }
      ]
    },
    {
      "mode": "managed",
      "type": "azurerm_storage_account",
      "name": "stAccount",
      "provider": "provider[\"registry.terraform.io/hashicorp/azurerm\"]",
      "instances": [
        {
          "schema_version": 2,
          "attributes": {
            "access_tier": "Hot",
            "account_kind": "StorageV2",
            "account_replication_type": "LRS",
            "account_tier": "Standard",
            "allow_blob_public_access": false,
            "blob_properties": [],
            "custom_domain": [],
            "enable_https_traffic_only": true,
            "id": "/subscriptions/308afee2-dc4c-41c1-b330-818c7897ea65/resourceGroups/kubernetes_rg/providers/Microsoft.Storage/storageAccounts/staccountfjarrin",
            "identity": [],
            "is_hns_enabled": false,
            "large_file_share_enabled": null,
            "location": "eastus",
            "min_tls_version": "TLS1_0",
            "name": "staccountfjarrin",
            "network_rules": [
              {
                "bypass": [
                  "AzureServices"
                ],
                "default_action": "Allow",
                "ip_rules": [],
                "virtual_network_subnet_ids": []
              }
            ],
            "primary_access_key": "pjA4Cs6ZM5h7nsbgUACrlA1r7U0E4FhfYajp1n/vx9kpcNXJ5TLU0Tv6nKUDhIDp8rxTybpVBqwS+ASto415Lg==",
            "primary_blob_connection_string": "DefaultEndpointsProtocol=https;BlobEndpoint=https://staccountfjarrin.blob.core.windows.net/;AccountName=staccountfjarrin;AccountKey=pjA4Cs6ZM5h7nsbgUACrlA1r7U0E4FhfYajp1n/vx9kpcNXJ5TLU0Tv6nKUDhIDp8rxTybpVBqwS+ASto415Lg==",
            "primary_blob_endpoint": "https://staccountfjarrin.blob.core.windows.net/",
            "primary_blob_host": "staccountfjarrin.blob.core.windows.net",
            "primary_connection_string": "DefaultEndpointsProtocol=https;AccountName=staccountfjarrin;AccountKey=pjA4Cs6ZM5h7nsbgUACrlA1r7U0E4FhfYajp1n/vx9kpcNXJ5TLU0Tv6nKUDhIDp8rxTybpVBqwS+ASto415Lg==;EndpointSuffix=core.windows.net",
            "primary_dfs_endpoint": "https://staccountfjarrin.dfs.core.windows.net/",
            "primary_dfs_host": "staccountfjarrin.dfs.core.windows.net",
            "primary_file_endpoint": "https://staccountfjarrin.file.core.windows.net/",
            "primary_file_host": "staccountfjarrin.file.core.windows.net",
            "primary_location": "eastus",
            "primary_queue_endpoint": "https://staccountfjarrin.queue.core.windows.net/",
            "primary_queue_host": "staccountfjarrin.queue.core.windows.net",
            "primary_table_endpoint": "https://staccountfjarrin.table.core.windows.net/",
            "primary_table_host": "staccountfjarrin.table.core.windows.net",
            "primary_web_endpoint": "https://staccountfjarrin.z13.web.core.windows.net/",
            "primary_web_host": "staccountfjarrin.z13.web.core.windows.net",
            "queue_properties": [
              {
                "cors_rule": [],
                "hour_metrics": [
                  {
                    "enabled": true,
                    "include_apis": true,
                    "retention_policy_days": 7,
                    "version": "1.0"
                  }
                ],
                "logging": [
                  {
                    "delete": false,
                    "read": false,
                    "retention_policy_days": 0,
                    "version": "1.0",
                    "write": false
                  }
                ],
                "minute_metrics": [
                  {
                    "enabled": false,
                    "include_apis": false,
                    "retention_policy_days": 0,
                    "version": "1.0"
                  }
                ]
              }
            ],
            "resource_group_name": "kubernetes_rg",
            "secondary_access_key": "NuPYR27AJd2+N28mG/ZOp4GZKZ2EXhPjiIPLc8yB23cTpDQHu39NjQUHtLN+oCqQ3lSsTsp+5KQo+AStO9Bfdw==",
            "secondary_blob_connection_string": "",
            "secondary_blob_endpoint": null,
            "secondary_blob_host": null,
            "secondary_connection_string": "DefaultEndpointsProtocol=https;AccountName=staccountfjarrin;AccountKey=NuPYR27AJd2+N28mG/ZOp4GZKZ2EXhPjiIPLc8yB23cTpDQHu39NjQUHtLN+oCqQ3lSsTsp+5KQo+AStO9Bfdw==;EndpointSuffix=core.windows.net",
            "secondary_dfs_endpoint": null,
            "secondary_dfs_host": null,
            "secondary_file_endpoint": null,
            "secondary_file_host": null,
            "secondary_location": "",
            "secondary_queue_endpoint": null,
            "secondary_queue_host": null,
            "secondary_table_endpoint": null,
            "secondary_table_host": null,
            "secondary_web_endpoint": null,
            "secondary_web_host": null,
            "static_website": [],
            "tags": {
              "environment": "CP2"
            },
            "timeouts": null
          },
          "sensitive_attributes": [],
          "private": "eyJlMmJmYjczMC1lY2FhLTExZTYtOGY4OC0zNDM2M2JjN2M0YzAiOnsiY3JlYXRlIjozNjAwMDAwMDAwMDAwLCJkZWxldGUiOjM2MDAwMDAwMDAwMDAsInJlYWQiOjMwMDAwMDAwMDAwMCwidXBkYXRlIjozNjAwMDAwMDAwMDAwfSwic2NoZW1hX3ZlcnNpb24iOiIyIn0=",
          "dependencies": [
            "azurerm_resource_group.rg"
          ]
        }
      ]
    },
    {
      "mode": "managed",
      "type": "azurerm_subnet",
      "name": "mySubnet",
      "provider": "provider[\"registry.terraform.io/hashicorp/azurerm\"]",
      "instances": [
        {
          "schema_version": 0,
          "attributes": {
            "address_prefix": "10.0.1.0/24",
            "address_prefixes": [
              "10.0.1.0/24"
            ],
            "delegation": [],
            "enforce_private_link_endpoint_network_policies": false,
            "enforce_private_link_service_network_policies": false,
            "id": "/subscriptions/308afee2-dc4c-41c1-b330-818c7897ea65/resourceGroups/kubernetes_rg/providers/Microsoft.Network/virtualNetworks/kubernetesnet/subnets/terraformsubnet",
            "name": "terraformsubnet",
            "resource_group_name": "kubernetes_rg",
            "service_endpoint_policy_ids": null,
            "service_endpoints": null,
            "timeouts": null,
            "virtual_network_name": "kubernetesnet"
          },
          "sensitive_attributes": [],
          "private": "eyJlMmJmYjczMC1lY2FhLTExZTYtOGY4OC0zNDM2M2JjN2M0YzAiOnsiY3JlYXRlIjoxODAwMDAwMDAwMDAwLCJkZWxldGUiOjE4MDAwMDAwMDAwMDAsInJlYWQiOjMwMDAwMDAwMDAwMCwidXBkYXRlIjoxODAwMDAwMDAwMDAwfX0=",
          "dependencies": [
            "azurerm_resource_group.rg",
            "azurerm_virtual_network.myNet"
          ]
        }
      ]
    },
    {
      "mode": "managed",
      "type": "azurerm_virtual_machine_data_disk_attachment",
      "name": "AttDiskNfs",
      "provider": "provider[\"registry.terraform.io/hashicorp/azurerm\"]",
      "instances": [
        {
          "schema_version": 0,
          "attributes": {
            "caching": "ReadWrite",
            "create_option": "Attach",
            "id": "/subscriptions/308afee2-dc4c-41c1-b330-818c7897ea65/resourceGroups/kubernetes_rg/providers/Microsoft.Compute/virtualMachines/fjarrin-vm-nfs/dataDisks/nfs-disk1",
            "lun": 10,
            "managed_disk_id": "/subscriptions/308afee2-dc4c-41c1-b330-818c7897ea65/resourceGroups/kubernetes_rg/providers/Microsoft.Compute/disks/nfs-disk1",
            "timeouts": null,
            "virtual_machine_id": "/subscriptions/308afee2-dc4c-41c1-b330-818c7897ea65/resourceGroups/kubernetes_rg/providers/Microsoft.Compute/virtualMachines/fjarrin-vm-nfs",
            "write_accelerator_enabled": false
          },
          "sensitive_attributes": [],
          "private": "eyJlMmJmYjczMC1lY2FhLTExZTYtOGY4OC0zNDM2M2JjN2M0YzAiOnsiY3JlYXRlIjoxODAwMDAwMDAwMDAwLCJkZWxldGUiOjE4MDAwMDAwMDAwMDAsInJlYWQiOjMwMDAwMDAwMDAwMCwidXBkYXRlIjoxODAwMDAwMDAwMDAwfX0=",
          "dependencies": [
            "azurerm_linux_virtual_machine.VMNfs",
            "azurerm_managed_disk.DiskNfs",
            "azurerm_network_interface.nicNfs",
            "azurerm_public_ip.publicIpNfs",
            "azurerm_resource_group.rg",
            "azurerm_storage_account.stAccount",
            "azurerm_subnet.mySubnet",
            "azurerm_virtual_network.myNet"
          ]
        }
      ]
    },
    {
      "mode": "managed",
      "type": "azurerm_virtual_network",
      "name": "myNet",
      "provider": "provider[\"registry.terraform.io/hashicorp/azurerm\"]",
      "instances": [
        {
          "schema_version": 0,
          "attributes": {
            "address_space": [
              "10.0.0.0/16"
            ],
            "bgp_community": "",
            "ddos_protection_plan": [],
            "dns_servers": null,
            "guid": "1c376c36-59f2-4e40-8abd-5a2cb105edce",
            "id": "/subscriptions/308afee2-dc4c-41c1-b330-818c7897ea65/resourceGroups/kubernetes_rg/providers/Microsoft.Network/virtualNetworks/kubernetesnet",
            "location": "eastus",
            "name": "kubernetesnet",
            "resource_group_name": "kubernetes_rg",
            "subnet": [],
            "tags": {
              "environment": "CP2"
            },
            "timeouts": null,
            "vm_protection_enabled": false
          },
          "sensitive_attributes": [],
          "private": "eyJlMmJmYjczMC1lY2FhLTExZTYtOGY4OC0zNDM2M2JjN2M0YzAiOnsiY3JlYXRlIjoxODAwMDAwMDAwMDAwLCJkZWxldGUiOjE4MDAwMDAwMDAwMDAsInJlYWQiOjMwMDAwMDAwMDAwMCwidXBkYXRlIjoxODAwMDAwMDAwMDAwfX0=",
          "dependencies": [
            "azurerm_resource_group.rg"
          ]
        }
      ]
    }
  ]
}
